
Microsoft Visual Studio Solution File, Format Version 12.00
# Visual Studio Version 16
VisualStudioVersion = 16.0.30523.141
MinimumVisualStudioVersion = 10.0.40219.1
Project("{8BC9CEB8-8B4A-11D0-8D11-00A0C91BC942}") = "Oblig 2.1", "Oblig 2.1\Oblig 2.1.vcxproj", "{4727C291-7591-4E7D-8C72-886E51248FFD}"
EndProject
Global
	GlobalSection(SolutionConfigurationPlatforms) = preSolution
		Debug|x64 = Debug|x64
		Debug|x86 = Debug|x86
		Release|x64 = Release|x64
		Release|x86 = Release|x86
	EndGlobalSection
	GlobalSection(ProjectConfigurationPlatforms) = postSolution
		{4727C291-7591-4E7D-8C72-886E51248FFD}.Debug|x64.ActiveCfg = Debug|x64
		{4727C291-7591-4E7D-8C72-886E51248FFD}.Debug|x64.Build.0 = Debug|x64
		{4727C291-7591-4E7D-8C72-886E51248FFD}.Debug|x86.ActiveCfg = Debug|Win32
		{4727C291-7591-4E7D-8C72-886E51248FFD}.Debug|x86.Build.0 = Debug|Win32
		{4727C291-7591-4E7D-8C72-886E51248FFD}.Release|x64.ActiveCfg = Release|x64
		{4727C291-7591-4E7D-8C72-886E51248FFD}.Release|x64.Build.0 = Release|x64
		{4727C291-7591-4E7D-8C72-886E51248FFD}.Release|x86.ActiveCfg = Release|Win32
		{4727C291-7591-4E7D-8C72-886E51248FFD}.Release|x86.Build.0 = Release|Win32
	EndGlobalSection
	GlobalSection(SolutionProperties) = preSolution
		HideSolutionNode = FALSE
	EndGlobalSection
	GlobalSection(ExtensibilityGlobals) = postSolution
		SolutionGuid = {507B55E9-B1A2-41A0-9195-4BF31B88005F}
	EndGlobalSection
EndGlobal
